
Microsoft Visual Studio Solution File, Format Version 12.00
# Visual Studio 2012
Project("{FAE04EC0-301F-11D3-BF4B-00C04F79EFBC}") = "LaneTransitApp", "LaneTransitApp\LaneTransitApp.csproj", "{22308DED-FD20-4A04-8FA3-C17A7FBB7E1F}"
EndProject
Global
	GlobalSection(SolutionConfigurationPlatforms) = preSolution
		Debug|Any CPU = Debug|Any CPU
		Release|Any CPU = Release|Any CPU
	EndGlobalSection
	GlobalSection(ProjectConfigurationPlatforms) = postSolution
		{22308DED-FD20-4A04-8FA3-C17A7FBB7E1F}.Debug|Any CPU.ActiveCfg = Debug|Any CPU
		{22308DED-FD20-4A04-8FA3-C17A7FBB7E1F}.Debug|Any CPU.Build.0 = Debug|Any CPU
		{22308DED-FD20-4A04-8FA3-C17A7FBB7E1F}.Release|Any CPU.ActiveCfg = Release|Any CPU
		{22308DED-FD20-4A04-8FA3-C17A7FBB7E1F}.Release|Any CPU.Build.0 = Release|Any CPU
	EndGlobalSection
EndGlobal
