
Microsoft Visual Studio Solution File, Format Version 12.00
# Visual Studio 2012
Project("{FAE04EC0-301F-11D3-BF4B-00C04F79EFBC}") = "SocialApp", "SocialApp\SocialApp.csproj", "{BFA0F3E3-5C13-42F6-81AF-4D17F5C68930}"
EndProject
Project("{FAE04EC0-301F-11D3-BF4B-00C04F79EFBC}") = "SocialApp.iOS", "iOS\SocialApp.iOS.csproj", "{BD730FE9-9A6D-450B-9215-FDF08EA78D17}"
EndProject
Project("{FAE04EC0-301F-11D3-BF4B-00C04F79EFBC}") = "SocialApp.Droid", "Droid\SocialApp.Droid.csproj", "{95187928-A1F1-432A-9255-C13613AC1B76}"
EndProject
Global
	GlobalSection(SolutionConfigurationPlatforms) = preSolution
		Debug|Any CPU = Debug|Any CPU
		Release|Any CPU = Release|Any CPU
		Debug|iPhoneSimulator = Debug|iPhoneSimulator
		Release|iPhone = Release|iPhone
		Release|iPhoneSimulator = Release|iPhoneSimulator
		Debug|iPhone = Debug|iPhone
	EndGlobalSection
	GlobalSection(ProjectConfigurationPlatforms) = postSolution
		{95187928-A1F1-432A-9255-C13613AC1B76}.Debug|Any CPU.ActiveCfg = Debug|Any CPU
		{95187928-A1F1-432A-9255-C13613AC1B76}.Debug|Any CPU.Build.0 = Debug|Any CPU
		{95187928-A1F1-432A-9255-C13613AC1B76}.Debug|iPhone.ActiveCfg = Debug|Any CPU
		{95187928-A1F1-432A-9255-C13613AC1B76}.Debug|iPhone.Build.0 = Debug|Any CPU
		{95187928-A1F1-432A-9255-C13613AC1B76}.Debug|iPhoneSimulator.ActiveCfg = Debug|Any CPU
		{95187928-A1F1-432A-9255-C13613AC1B76}.Debug|iPhoneSimulator.Build.0 = Debug|Any CPU
		{95187928-A1F1-432A-9255-C13613AC1B76}.Release|Any CPU.ActiveCfg = Release|Any CPU
		{95187928-A1F1-432A-9255-C13613AC1B76}.Release|Any CPU.Build.0 = Release|Any CPU
		{95187928-A1F1-432A-9255-C13613AC1B76}.Release|iPhone.ActiveCfg = Release|Any CPU
		{95187928-A1F1-432A-9255-C13613AC1B76}.Release|iPhone.Build.0 = Release|Any CPU
		{95187928-A1F1-432A-9255-C13613AC1B76}.Release|iPhoneSimulator.ActiveCfg = Release|Any CPU
		{95187928-A1F1-432A-9255-C13613AC1B76}.Release|iPhoneSimulator.Build.0 = Release|Any CPU
		{BD730FE9-9A6D-450B-9215-FDF08EA78D17}.Debug|Any CPU.ActiveCfg = Debug|iPhoneSimulator
		{BD730FE9-9A6D-450B-9215-FDF08EA78D17}.Debug|Any CPU.Build.0 = Debug|iPhoneSimulator
		{BD730FE9-9A6D-450B-9215-FDF08EA78D17}.Debug|iPhone.ActiveCfg = Debug|iPhone
		{BD730FE9-9A6D-450B-9215-FDF08EA78D17}.Debug|iPhone.Build.0 = Debug|iPhone
		{BD730FE9-9A6D-450B-9215-FDF08EA78D17}.Debug|iPhoneSimulator.ActiveCfg = Debug|iPhoneSimulator
		{BD730FE9-9A6D-450B-9215-FDF08EA78D17}.Debug|iPhoneSimulator.Build.0 = Debug|iPhoneSimulator
		{BD730FE9-9A6D-450B-9215-FDF08EA78D17}.Release|Any CPU.ActiveCfg = Release|iPhone
		{BD730FE9-9A6D-450B-9215-FDF08EA78D17}.Release|Any CPU.Build.0 = Release|iPhone
		{BD730FE9-9A6D-450B-9215-FDF08EA78D17}.Release|iPhone.ActiveCfg = Release|iPhone
		{BD730FE9-9A6D-450B-9215-FDF08EA78D17}.Release|iPhone.Build.0 = Release|iPhone
		{BD730FE9-9A6D-450B-9215-FDF08EA78D17}.Release|iPhoneSimulator.ActiveCfg = Release|iPhoneSimulator
		{BD730FE9-9A6D-450B-9215-FDF08EA78D17}.Release|iPhoneSimulator.Build.0 = Release|iPhoneSimulator
		{BFA0F3E3-5C13-42F6-81AF-4D17F5C68930}.Debug|Any CPU.ActiveCfg = Debug|Any CPU
		{BFA0F3E3-5C13-42F6-81AF-4D17F5C68930}.Debug|Any CPU.Build.0 = Debug|Any CPU
		{BFA0F3E3-5C13-42F6-81AF-4D17F5C68930}.Debug|iPhone.ActiveCfg = Debug|Any CPU
		{BFA0F3E3-5C13-42F6-81AF-4D17F5C68930}.Debug|iPhone.Build.0 = Debug|Any CPU
		{BFA0F3E3-5C13-42F6-81AF-4D17F5C68930}.Debug|iPhoneSimulator.ActiveCfg = Debug|Any CPU
		{BFA0F3E3-5C13-42F6-81AF-4D17F5C68930}.Debug|iPhoneSimulator.Build.0 = Debug|Any CPU
		{BFA0F3E3-5C13-42F6-81AF-4D17F5C68930}.Release|Any CPU.ActiveCfg = Release|Any CPU
		{BFA0F3E3-5C13-42F6-81AF-4D17F5C68930}.Release|Any CPU.Build.0 = Release|Any CPU
		{BFA0F3E3-5C13-42F6-81AF-4D17F5C68930}.Release|iPhone.ActiveCfg = Release|Any CPU
		{BFA0F3E3-5C13-42F6-81AF-4D17F5C68930}.Release|iPhone.Build.0 = Release|Any CPU
		{BFA0F3E3-5C13-42F6-81AF-4D17F5C68930}.Release|iPhoneSimulator.ActiveCfg = Release|Any CPU
		{BFA0F3E3-5C13-42F6-81AF-4D17F5C68930}.Release|iPhoneSimulator.Build.0 = Release|Any CPU
	EndGlobalSection
EndGlobal
